<?xml version="1.0" encoding="utf-8"?>
<Project ToolsVersion="4.0" xmlns="http://schemas.microsoft.com/developer/msbuild/2003">
  <ItemGroup>
    <ClCompile Include="Rendering\Renderer.cpp" />
    <ClCompile Include="IO\FileIO.cpp" />
    <ClCompile Include="MyGame.cpp" />
    <ClCompile Include="MyGame_moc.cpp" />
    <ClCompile Include="DebugTools\meSlider.cpp" />
    <ClCompile Include="Camera\Camera.cpp" />
    <ClCompile Include="DebugTools\Menu\DebugMenu.cpp" />
    <ClCompile Include="DebugTools\Menu\Infos\SliderInfo.cpp" />
    <ClCompile Include="DebugTools\Menu\Infos\CheckBoxInfo.cpp" />
    <ClCompile Include="DebugTools\Shapes\DebugShape.cpp" />
    <ClCompile Include="DebugTools\meSlider_moc.cpp" />
    <ClCompile Include="Shapes\ShapeMaker.cpp" />
    <ClCompile Include="Breakout\Ball.cpp" />
    <ClCompile Include="Breakout\Brick.cpp" />
    <ClCompile Include="Breakout\Paddle.cpp" />
    <ClCompile Include="Breakout\Wall.cpp" />
    <ClCompile Include="Asteroids\Bullet.cpp" />
    <ClCompile Include="Asteroids\DrawV.cpp" />
    <ClCompile Include="Asteroids\enemy.cpp" />
    <ClCompile Include="Asteroids\enemyManager.cpp" />
    <ClCompile Include="Asteroids\hr_timer.cpp" />
    <ClCompile Include="Asteroids\Monster.cpp" />
    <ClCompile Include="Asteroids\orbiter.cpp" />
    <ClCompile Include="Asteroids\Particle.cpp" />
    <ClCompile Include="Asteroids\ParticleEffects.cpp" />
    <ClCompile Include="Asteroids\ParticleManager.cpp" />
    <ClCompile Include="Asteroids\profiler.cpp" />
    <ClCompile Include="Asteroids\Random.cpp" />
    <ClCompile Include="Asteroids\RunsTheGame.cpp" />
    <ClCompile Include="Asteroids\Shape.cpp" />
    <ClCompile Include="Asteroids\SpaceShip.cpp" />
    <ClCompile Include="Asteroids\Turret.cpp" />
    <ClCompile Include="Asteroids\AsterMain.cpp" />
    <ClCompile Include="Other_Tests\RBM.cpp" />
    <ClCompile Include="Breakout\BreakoutManager.cpp" />
  </ItemGroup>
  <ItemGroup>
    <ClInclude Include="Rendering\Renderer.h" />
    <ClInclude Include="IO\FileIO.h" />
    <ClInclude Include="Rendering\Helpers\BufferInfo.h" />
    <ClInclude Include="Rendering\Helpers\Geometry.h" />
    <ClInclude Include="Rendering\Helpers\Renderables.h" />
    <ClInclude Include="Rendering\Helpers\ShaderInfo.h" />
    <ClInclude Include="Rendering\Helpers\VertexLayoutInfo.h" />
    <ClInclude Include="Rendering\ParameterType.h" />
    <ClInclude Include="MyGame.h" />
    <ClInclude Include="Rendering\Helpers\PassInfo.h" />
    <ClInclude Include="Rendering\Helpers\UniformInfo.h" />
    <ClInclude Include="Rendering\Helpers\TextureInfo.h" />
    <ClInclude Include="DebugTools\meSlider.h" />
    <ClInclude Include="Camera\Camera.h" />
    <ClInclude Include="DebugTools\Menu\DebugMenu.h" />
    <ClInclude Include="DebugTools\Menu\Infos\WatchInfo.h" />
    <ClInclude Include="DebugTools\Menu\Infos\SliderInfo.h" />
    <ClInclude Include="DebugTools\Menu\Infos\CheckBoxInfo.h" />
    <ClInclude Include="DebugTools\Shapes\DebugShape.h" />
    <ClInclude Include="Shapes\ShapeMaker.h" />
    <ClInclude Include="Shapes\MyVertex.h" />
    <ClInclude Include="Shapes\MyShapeData.h" />
    <ClInclude Include="Breakout\Ball.h" />
    <ClInclude Include="Breakout\Brick.h" />
    <ClInclude Include="Breakout\Paddle.h" />
    <ClInclude Include="Breakout\Wall.h" />
    <ClInclude Include="Asteroids\Bullet.h" />
    <ClInclude Include="Asteroids\DrawV.h" />
    <ClInclude Include="Asteroids\enemy.h" />
    <ClInclude Include="Asteroids\enemyManager.h" />
    <ClInclude Include="Asteroids\hr_timer.h" />
    <ClInclude Include="Asteroids\Monster.h" />
    <ClInclude Include="Asteroids\orbiter.h" />
    <ClInclude Include="Asteroids\Particle.h" />
    <ClInclude Include="Asteroids\ParticleEffects.h" />
    <ClInclude Include="Asteroids\ParticleManager.h" />
    <ClInclude Include="Asteroids\profiler.h" />
    <ClInclude Include="Asteroids\Random.h" />
    <ClInclude Include="Asteroids\RunsTheGame.h" />
    <ClInclude Include="Asteroids\Shape.h" />
    <ClInclude Include="Asteroids\SpaceShip.h" />
    <ClInclude Include="Asteroids\Turret.h" />
    <ClInclude Include="Asteroids\AsterMain.h" />
    <ClInclude Include="Other_Tests\RBM.h" />
    <ClInclude Include="Other_Tests\Utils.h" />
    <ClInclude Include="Breakout\BreakoutManager.h" />
    <ClInclude Include="AI\DeepLearner.h" />
  </ItemGroup>
  <ItemGroup>
    <None Include="DebugTools\Shapes\VertexShader.glsl" />
    <None Include="DebugTools\Shapes\FragmentShader.glsl" />
    <None Include="BinaryData\MyBinaryFile.bin" />
    <None Include="ShaderCode\NormalMapVertex.glsl" />
    <None Include="ShaderCode\NormalMapFragment.glsl" />
    <None Include="ShaderCode\OgreVertexShader.glsl" />
    <None Include="ShaderCode\OgreFragmentShader.glsl" />
    <None Include="ShaderCode\TableVertexShader.glsl" />
    <None Include="ShaderCode\TableFragmentShader.glsl" />
    <None Include="ShaderCode\DominateVertexShader.glsl" />
    <None Include="ShaderCode\DominateFragmentShader.glsl" />
    <None Include="ShaderCode\LightVertexShader.glsl" />
    <None Include="ShaderCode\LightFragmentShader.glsl" />
    <None Include="ShaderCode\GrowlitheFragmentShader.glsl" />
    <None Include="ShaderCode\GrowlitheVertexShader.glsl" />
    <None Include="ShaderCode\PizzaVertexShader.glsl" />
    <None Include="ShaderCode\PizzaFragmentShader.glsl" />
  </ItemGroup>
  <ItemGroup>
    <Image Include="Textures\ShapeNormalMap.png" />
    <Image Include="Textures\tux.png" />
    <Image Include="Textures\OgreNormalMap.png" />
  </ItemGroup>
  <ItemGroup>
    <CudaCompile Include="Source.cu" />
    <CudaCompile Include="AI\DeepLearner.cu" />
  </ItemGroup>
</Project>